// !$*UTF8*$!
{
	archiveVersion = 1;
	classes = {
	};
	objectVersion = 46;
	objects = {

/* Begin PBXBuildFile section */
		019957B30A4DB84BB73E381A /* Pods_collectionViewZeroSpaceCell.framework in Frameworks */ = {isa = PBXBuildFile; fileRef = 5C1D38F884145992AC5E683D /* Pods_collectionViewZeroSpaceCell.framework */; };
		5F32D3191D8460FA00C9FC0D /* main.m in Sources */ = {isa = PBXBuildFile; fileRef = 5F32D3181D8460FA00C9FC0D /* main.m */; };
		5F32D31C1D8460FA00C9FC0D /* AppDelegate.m in Sources */ = {isa = PBXBuildFile; fileRef = 5F32D31B1D8460FA00C9FC0D /* AppDelegate.m */; };
		5F32D3241D8460FA00C9FC0D /* Assets.xcassets in Resources */ = {isa = PBXBuildFile; fileRef = 5F32D3231D8460FA00C9FC0D /* Assets.xcassets */; };
		5F32D3271D8460FA00C9FC0D /* LaunchScreen.storyboard in Resources */ = {isa = PBXBuildFile; fileRef = 5F32D3251D8460FA00C9FC0D /* LaunchScreen.storyboard */; };
		5F32D3311D84676300C9FC0D /* MainViewController.m in Sources */ = {isa = PBXBuildFile; fileRef = 5F32D32F1D84676300C9FC0D /* MainViewController.m */; };
		5F32D3321D84676300C9FC0D /* MainViewController.xib in Resources */ = {isa = PBXBuildFile; fileRef = 5F32D3301D84676300C9FC0D /* MainViewController.xib */; };
		5F32D33B1D84698300C9FC0D /* MainCell.m in Sources */ = {isa = PBXBuildFile; fileRef = 5F32D3391D84698300C9FC0D /* MainCell.m */; };
		5F32D33C1D84698300C9FC0D /* MainCell.xib in Resources */ = {isa = PBXBuildFile; fileRef = 5F32D33A1D84698300C9FC0D /* MainCell.xib */; };
		5F32D33F1D84754600C9FC0D /* CustomViewFlowLayout.m in Sources */ = {isa = PBXBuildFile; fileRef = 5F32D33E1D84754600C9FC0D /* CustomViewFlowLayout.m */; };
/* End PBXBuildFile section */

/* Begin PBXFileReference section */
		174FE8FEC296D60A2BD8A7B2 /* Pods-collectionViewZeroSpaceCell.release.xcconfig */ = {isa = PBXFileReference; includeInIndex = 1; lastKnownFileType = text.xcconfig; name = "Pods-collectionViewZeroSpaceCell.release.xcconfig"; path = "Pods/Target Support Files/Pods-collectionViewZeroSpaceCell/Pods-collectionViewZeroSpaceCell.release.xcconfig"; sourceTree = "<group>"; };
		5C1D38F884145992AC5E683D /* Pods_collectionViewZeroSpaceCell.framework */ = {isa = PBXFileReference; explicitFileType = wrapper.framework; includeInIndex = 0; path = Pods_collectionViewZeroSpaceCell.framework; sourceTree = BUILT_PRODUCTS_DIR; };
		5F32D3141D8460FA00C9FC0D /* collectionViewZeroSpaceCell.app */ = {isa = PBXFileReference; explicitFileType = wrapper.application; includeInIndex = 0; path = collectionViewZeroSpaceCell.app; sourceTree = BUILT_PRODUCTS_DIR; };
		5F32D3181D8460FA00C9FC0D /* main.m */ = {isa = PBXFileReference; lastKnownFileType = sourcecode.c.objc; path = main.m; sourceTree = "<group>"; };
		5F32D31A1D8460FA00C9FC0D /* AppDelegate.h */ = {isa = PBXFileReference; lastKnownFileType = sourcecode.c.h; path = AppDelegate.h; sourceTree = "<group>"; };
		5F32D31B1D8460FA00C9FC0D /* AppDelegate.m */ = {isa = PBXFileReference; lastKnownFileType = sourcecode.c.objc; path = AppDelegate.m; sourceTree = "<group>"; };
		5F32D3231D8460FA00C9FC0D /* Assets.xcassets */ = {isa = PBXFileReference; lastKnownFileType = folder.assetcatalog; path = Assets.xcassets; sourceTree = "<group>"; };
		5F32D3261D8460FA00C9FC0D /* Base */ = {isa = PBXFileReference; lastKnownFileType = file.storyboard; name = Base; path = Base.lproj/LaunchScreen.storyboard; sourceTree = "<group>"; };
		5F32D3281D8460FA00C9FC0D /* Info.plist */ = {isa = PBXFileReference; lastKnownFileType = text.plist.xml; path = Info.plist; sourceTree = "<group>"; };
		5F32D32E1D84676300C9FC0D /* MainViewController.h */ = {isa = PBXFileReference; fileEncoding = 4; lastKnownFileType = sourcecode.c.h; path = MainViewController.h; sourceTree = "<group>"; };
		5F32D32F1D84676300C9FC0D /* MainViewController.m */ = {isa = PBXFileReference; fileEncoding = 4; lastKnownFileType = sourcecode.c.objc; path = MainViewController.m; sourceTree = "<group>"; };
		5F32D3301D84676300C9FC0D /* MainViewController.xib */ = {isa = PBXFileReference; fileEncoding = 4; lastKnownFileType = file.xib; path = MainViewController.xib; sourceTree = "<group>"; };
		5F32D3381D84698300C9FC0D /* MainCell.h */ = {isa = PBXFileReference; fileEncoding = 4; lastKnownFileType = sourcecode.c.h; path = MainCell.h; sourceTree = "<group>"; };
		5F32D3391D84698300C9FC0D /* MainCell.m */ = {isa = PBXFileReference; fileEncoding = 4; lastKnownFileType = sourcecode.c.objc; path = MainCell.m; sourceTree = "<group>"; };
		5F32D33A1D84698300C9FC0D /* MainCell.xib */ = {isa = PBXFileReference; fileEncoding = 4; lastKnownFileType = file.xib; path = MainCell.xib; sourceTree = "<group>"; };
		5F32D33D1D84754600C9FC0D /* CustomViewFlowLayout.h */ = {isa = PBXFileReference; fileEncoding = 4; lastKnownFileType = sourcecode.c.h; path = CustomViewFlowLayout.h; sourceTree = "<group>"; };
		5F32D33E1D84754600C9FC0D /* CustomViewFlowLayout.m */ = {isa = PBXFileReference; fileEncoding = 4; lastKnownFileType = sourcecode.c.objc; path = CustomViewFlowLayout.m; sourceTree = "<group>"; };
		E5BB5A49E4808181160824C8 /* Pods-collectionViewZeroSpaceCell.debug.xcconfig */ = {isa = PBXFileReference; includeInIndex = 1; lastKnownFileType = text.xcconfig; name = "Pods-collectionViewZeroSpaceCell.debug.xcconfig"; path = "Pods/Target Support Files/Pods-collectionViewZeroSpaceCell/Pods-collectionViewZeroSpaceCell.debug.xcconfig"; sourceTree = "<group>"; };
/* End PBXFileReference section */

/* Begin PBXFrameworksBuildPhase section */
		5F32D3111D8460FA00C9FC0D /* Frameworks */ = {
			isa = PBXFrameworksBuildPhase;
			buildActionMask = 2147483647;
			files = (
				019957B30A4DB84BB73E381A /* Pods_collectionViewZeroSpaceCell.framework in Frameworks */,
			);
			runOnlyForDeploymentPostprocessing = 0;
		};
/* End PBXFrameworksBuildPhase section */

/* Begin PBXGroup section */
		0100120D41359D56F9501030 /* Frameworks */ = {
			isa = PBXGroup;
			children = (
				5C1D38F884145992AC5E683D /* Pods_collectionViewZeroSpaceCell.framework */,
			);
			name = Frameworks;
			sourceTree = "<group>";
		};
		2BA8EEF7E74750360334BADF /* Pods */ = {
			isa = PBXGroup;
			children = (
				E5BB5A49E4808181160824C8 /* Pods-collectionViewZeroSpaceCell.debug.xcconfig */,
				174FE8FEC296D60A2BD8A7B2 /* Pods-collectionViewZeroSpaceCell.release.xcconfig */,
			);
			name = Pods;
			sourceTree = "<group>";
		};
		5F32D30B1D8460FA00C9FC0D = {
			isa = PBXGroup;
			children = (
				5F32D3161D8460FA00C9FC0D /* collectionViewZeroSpaceCell */,
				5F32D3151D8460FA00C9FC0D /* Products */,
				2BA8EEF7E74750360334BADF /* Pods */,
				0100120D41359D56F9501030 /* Frameworks */,
			);
			sourceTree = "<group>";
		};
		5F32D3151D8460FA00C9FC0D /* Products */ = {
			isa = PBXGroup;
			children = (
				5F32D3141D8460FA00C9FC0D /* collectionViewZeroSpaceCell.app */,
			);
			name = Products;
			sourceTree = "<group>";
		};
		5F32D3161D8460FA00C9FC0D /* collectionViewZeroSpaceCell */ = {
			isa = PBXGroup;
			children = (
				5F32D31A1D8460FA00C9FC0D /* AppDelegate.h */,
				5F32D31B1D8460FA00C9FC0D /* AppDelegate.m */,
				5F32D32E1D84676300C9FC0D /* MainViewController.h */,
				5F32D32F1D84676300C9FC0D /* MainViewController.m */,
				5F32D3301D84676300C9FC0D /* MainViewController.xib */,
				5F32D3381D84698300C9FC0D /* MainCell.h */,
				5F32D3391D84698300C9FC0D /* MainCell.m */,
				5F32D33A1D84698300C9FC0D /* MainCell.xib */,
				5F32D33D1D84754600C9FC0D /* CustomViewFlowLayout.h */,
				5F32D33E1D84754600C9FC0D /* CustomViewFlowLayout.m */,
				5F32D3231D8460FA00C9FC0D /* Assets.xcassets */,
				5F32D3251D8460FA00C9FC0D /* LaunchScreen.storyboard */,
				5F32D3281D8460FA00C9FC0D /* Info.plist */,
				5F32D3171D8460FA00C9FC0D /* Supporting Files */,
			);
			path = collectionViewZeroSpaceCell;
			sourceTree = "<group>";
		};
		5F32D3171D8460FA00C9FC0D /* Supporting Files */ = {
			isa = PBXGroup;
			children = (
				5F32D3181D8460FA00C9FC0D /* main.m */,
			);
			name = "Supporting Files";
			sourceTree = "<group>";
		};
/* End PBXGroup section */

/* Begin PBXNativeTarget section */
		5F32D3131D8460FA00C9FC0D /* collectionViewZeroSpaceCell */ = {
			isa = PBXNativeTarget;
			buildConfigurationList = 5F32D32B1D8460FA00C9FC0D /* Build configuration list for PBXNativeTarget "collectionViewZeroSpaceCell" */;
			buildPhases = (
				86909287D87B856E58C3A44E /* 📦 Check Pods Manifest.lock */,
				5F32D3101D8460FA00C9FC0D /* Sources */,
				5F32D3111D8460FA00C9FC0D /* Frameworks */,
				5F32D3121D8460FA00C9FC0D /* Resources */,
				2596548D6F1C7B6FE66BD21A /* 📦 Embed Pods Frameworks */,
				40DCA133BACBE5B6D92CB5A9 /* 📦 Copy Pods Resources */,
			);
			buildRules = (
			);
			dependencies = (
			);
			name = collectionViewZeroSpaceCell;
			productName = collectionViewZeroSpaceCell;
			productReference = 5F32D3141D8460FA00C9FC0D /* collectionViewZeroSpaceCell.app */;
			productType = "com.apple.product-type.application";
		};
/* End PBXNativeTarget section */

/* Begin PBXProject section */
		5F32D30C1D8460FA00C9FC0D /* Project object */ = {
			isa = PBXProject;
			attributes = {
				LastUpgradeCheck = 0730;
				ORGANIZATIONNAME = echo;
				TargetAttributes = {
					5F32D3131D8460FA00C9FC0D = {
						CreatedOnToolsVersion = 7.3.1;
					};
				};
			};
			buildConfigurationList = 5F32D30F1D8460FA00C9FC0D /* Build configuration list for PBXProject "collectionViewZeroSpaceCell" */;
			compatibilityVersion = "Xcode 3.2";
			developmentRegion = English;
			hasScannedForEncodings = 0;
			knownRegions = (
				en,
				Base,
			);
			mainGroup = 5F32D30B1D8460FA00C9FC0D;
			productRefGroup = 5F32D3151D8460FA00C9FC0D /* Products */;
			projectDirPath = "";
			projectRoot = "";
			targets = (
				5F32D3131D8460FA00C9FC0D /* collectionViewZeroSpaceCell */,
			);
		};
/* End PBXProject section */

/* Begin PBXResourcesBuildPhase section */
		5F32D3121D8460FA00C9FC0D /* Resources */ = {
			isa = PBXResourcesBuildPhase;
			buildActionMask = 2147483647;
			files = (
				5F32D3271D8460FA00C9FC0D /* LaunchScreen.storyboard in Resources */,
				5F32D3321D84676300C9FC0D /* MainViewController.xib in Resources */,
				5F32D33C1D84698300C9FC0D /* MainCell.xib in Resources */,
				5F32D3241D8460FA00C9FC0D /* Assets.xcassets in Resources */,
			);
			runOnlyForDeploymentPostprocessing = 0;
		};
/* End PBXResourcesBuildPhase section */

/* Begin PBXShellScriptBuildPhase section */
		2596548D6F1C7B6FE66BD21A /* 📦 Embed Pods Frameworks */ = {
			isa = PBXShellScriptBuildPhase;
			buildActionMask = 2147483647;
			files = (
			);
			inputPaths = (
			);
			name = "📦 Embed Pods Frameworks";
			outputPaths = (
			);
			runOnlyForDeploymentPostprocessing = 0;
			shellPath = /bin/sh;
			shellScript = "\"${SRCROOT}/Pods/Target Support Files/Pods-collectionViewZeroSpaceCell/Pods-collectionViewZeroSpaceCell-frameworks.sh\"\n";
			showEnvVarsInLog = 0;
		};
		40DCA133BACBE5B6D92CB5A9 /* 📦 Copy Pods Resources */ = {
			isa = PBXShellScriptBuildPhase;
			buildActionMask = 2147483647;
			files = (
			);
			inputPaths = (
			);
			name = "📦 Copy Pods Resources";
			outputPaths = (
			);
			runOnlyForDeploymentPostprocessing = 0;
			shellPath = /bin/sh;
			shellScript = "\"${SRCROOT}/Pods/Target Support Files/Pods-collectionViewZeroSpaceCell/Pods-collectionViewZeroSpaceCell-resources.sh\"\n";
			showEnvVarsInLog = 0;
		};
		86909287D87B856E58C3A44E /* 📦 Check Pods Manifest.lock */ = {
			isa = PBXShellScriptBuildPhase;
			buildActionMask = 2147483647;
			files = (
			);
			inputPaths = (
			);
			name = "📦 Check Pods Manifest.lock";
			outputPaths = (
			);
			runOnlyForDeploymentPostprocessing = 0;
			shellPath = /bin/sh;
			shellScript = "diff \"${PODS_ROOT}/../Podfile.lock\" \"${PODS_ROOT}/Manifest.lock\" > /dev/null\nif [[ $? != 0 ]] ; then\n    cat << EOM\nerror: The sandbox is not in sync with the Podfile.lock. Run 'pod install' or update your CocoaPods installation.\nEOM\n    exit 1\nfi\n";
			showEnvVarsInLog = 0;
		};
/* End PBXShellScriptBuildPhase section */

/* Begin PBXSourcesBuildPhase section */
		5F32D3101D8460FA00C9FC0D /* Sources */ = {
			isa = PBXSourcesBuildPhase;
			buildActionMask = 2147483647;
			files = (
				5F32D31C1D8460FA00C9FC0D /* AppDelegate.m in Sources */,
				5F32D3311D84676300C9FC0D /* MainViewController.m in Sources */,
				5F32D33F1D84754600C9FC0D /* CustomViewFlowLayout.m in Sources */,
				5F32D33B1D84698300C9FC0D /* MainCell.m in Sources */,
				5F32D3191D8460FA00C9FC0D /* main.m in Sources */,
			);
			runOnlyForDeploymentPostprocessing = 0;
		};
/* End PBXSourcesBuildPhase section */

/* Begin PBXVariantGroup section */
		5F32D3251D8460FA00C9FC0D /* LaunchScreen.storyboard */ = {
			isa = PBXVariantGroup;
			children = (
				5F32D3261D8460FA00C9FC0D /* Base */,
			);
			name = LaunchScreen.storyboard;
			sourceTree = "<group>";
		};
/* End PBXVariantGroup section */

/* Begin XCBuildConfiguration section */
		5F32D3291D8460FA00C9FC0D /* Debug */ = {
			isa = XCBuildConfiguration;
			buildSettings = {
				ALWAYS_SEARCH_USER_PATHS = NO;
				CLANG_ANALYZER_NONNULL = YES;
				CLANG_CXX_LANGUAGE_STANDARD = "gnu++0x";
				CLANG_CXX_LIBRARY = "libc++";
				CLANG_ENABLE_MODULES = YES;
				CLANG_ENABLE_OBJC_ARC = YES;
				CLANG_WARN_BOOL_CONVERSION = YES;
				CLANG_WARN_CONSTANT_CONVERSION = YES;
				CLANG_WARN_DIRECT_OBJC_ISA_USAGE = YES_ERROR;
				CLANG_WARN_EMPTY_BODY = YES;
				CLANG_WARN_ENUM_CONVERSION = YES;
				CLANG_WARN_INT_CONVERSION = YES;
				CLANG_WARN_OBJC_ROOT_CLASS = YES_ERROR;
				CLANG_WARN_UNREACHABLE_CODE = YES;
				CLANG_WARN__DUPLICATE_METHOD_MATCH = YES;
				"CODE_SIGN_IDENTITY[sdk=iphoneos*]" = "iPhone Developer";
				COPY_PHASE_STRIP = NO;
				DEBUG_INFORMATION_FORMAT = dwarf;
				ENABLE_STRICT_OBJC_MSGSEND = YES;
				ENABLE_TESTABILITY = YES;
				GCC_C_LANGUAGE_STANDARD = gnu99;
				GCC_DYNAMIC_NO_PIC = NO;
				GCC_NO_COMMON_BLOCKS = YES;
				GCC_OPTIMIZATION_LEVEL = 0;
				GCC_PREPROCESSOR_DEFINITIONS = (
					"DEBUG=1",
					"$(inherited)",
				);
				GCC_WARN_64_TO_32_BIT_CONVERSION = YES;
				GCC_WARN_ABOUT_RETURN_TYPE = YES_ERROR;
				GCC_WARN_UNDECLARED_SELECTOR = YES;
				GCC_WARN_UNINITIALIZED_AUTOS = YES_AGGRESSIVE;
				GCC_WARN_UNUSED_FUNCTION = YES;
				GCC_WARN_UNUSED_VARIABLE = YES;
				IPHONEOS_DEPLOYMENT_TARGET = 9.3;
				MTL_ENABLE_DEBUG_INFO = YES;
				ONLY_ACTIVE_ARCH = YES;
				SDKROOT = iphoneos;
			};
			name = Debug;
		};
		5F32D32A1D8460FA00C9FC0D /* Release */ = {
			isa = XCBuildConfiguration;
			buildSettings = {
				ALWAYS_SEARCH_USER_PATHS = NO;
				CLANG_ANALYZER_NONNULL = YES;
				CLANG_CXX_LANGUAGE_STANDARD = "gnu++0x";
				CLANG_CXX_LIBRARY = "libc++";
				CLANG_ENABLE_MODULES = YES;
				CLANG_ENABLE_OBJC_ARC = YES;
				CLANG_WARN_BOOL_CONVERSION = YES;
				CLANG_WARN_CONSTANT_CONVERSION = YES;
				CLANG_WARN_DIRECT_OBJC_ISA_USAGE = YES_ERROR;
				CLANG_WARN_EMPTY_BODY = YES;
				CLANG_WARN_ENUM_CONVERSION = YES;
				CLANG_WARN_INT_CONVERSION = YES;
				CLANG_WARN_OBJC_ROOT_CLASS = YES_ERROR;
				CLANG_WARN_UNREACHABLE_CODE = YES;
				CLANG_WARN__DUPLICATE_METHOD_MATCH = YES;
				"CODE_SIGN_IDENTITY[sdk=iphoneos*]" = "iPhone Developer";
				COPY_PHASE_STRIP = NO;
				DEBUG_INFORMATION_FORMAT = "dwarf-with-dsym";
				ENABLE_NS_ASSERTIONS = NO;
				ENABLE_STRICT_OBJC_MSGSEND = YES;
				GCC_C_LANGUAGE_STANDARD = gnu99;
				GCC_NO_COMMON_BLOCKS = YES;
				GCC_WARN_64_TO_32_BIT_CONVERSION = YES;
				GCC_WARN_ABOUT_RETURN_TYPE = YES_ERROR;
				GCC_WARN_UNDECLARED_SELECTOR = YES;
				GCC_WARN_UNINITIALIZED_AUTOS = YES_AGGRESSIVE;
				GCC_WARN_UNUSED_FUNCTION = YES;
				GCC_WARN_UNUSED_VARIABLE = YES;
				IPHONEOS_DEPLOYMENT_TARGET = 9.3;
				MTL_ENABLE_DEBUG_INFO = NO;
				SDKROOT = iphoneos;
				VALIDATE_PRODUCT = YES;
			};
			name = Release;
		};
		5F32D32C1D8460FA00C9FC0D /* Debug */ = {
			isa = XCBuildConfiguration;
			baseConfigurationReference = E5BB5A49E4808181160824C8 /* Pods-collectionViewZeroSpaceCell.debug.xcconfig */;
			buildSettings = {
				ASSETCATALOG_COMPILER_APPICON_NAME = AppIcon;
				CODE_SIGN_IDENTITY = "iPhone Developer";
				INFOPLIST_FILE = collectionViewZeroSpaceCell/Info.plist;
				LD_RUNPATH_SEARCH_PATHS = "$(inherited) @executable_path/Frameworks";
				PRODUCT_BUNDLE_IDENTIFIER = com.cn.collectionViewZeroSpaceCell;
				PRODUCT_NAME = "$(TARGET_NAME)";
			};
			name = Debug;
		};
		5F32D32D1D8460FA00C9FC0D /* Release */ = {
			isa = XCBuildConfiguration;
			baseConfigurationReference = 174FE8FEC296D60A2BD8A7B2 /* Pods-collectionViewZeroSpaceCell.release.xcconfig */;
			buildSettings = {
				ASSETCATALOG_COMPILER_APPICON_NAME = AppIcon;
				CODE_SIGN_IDENTITY = "iPhone Developer";
				INFOPLIST_FILE = collectionViewZeroSpaceCell/Info.plist;
				LD_RUNPATH_SEARCH_PATHS = "$(inherited) @executable_path/Frameworks";
				PRODUCT_BUNDLE_IDENTIFIER = com.cn.collectionViewZeroSpaceCell;
				PRODUCT_NAME = "$(TARGET_NAME)";
			};
			name = Release;
		};
/* End XCBuildConfiguration section */

/* Begin XCConfigurationList section */
		5F32D30F1D8460FA00C9FC0D /* Build configuration list for PBXProject "collectionViewZeroSpaceCell" */ = {
			isa = XCConfigurationList;
			buildConfigurations = (
				5F32D3291D8460FA00C9FC0D /* Debug */,
				5F32D32A1D8460FA00C9FC0D /* Release */,
			);
			defaultConfigurationIsVisible = 0;
			defaultConfigurationName = Release;
		};
		5F32D32B1D8460FA00C9FC0D /* Build configuration list for PBXNativeTarget "collectionViewZeroSpaceCell" */ = {
			isa = XCConfigurationList;
			buildConfigurations = (
				5F32D32C1D8460FA00C9FC0D /* Debug */,
				5F32D32D1D8460FA00C9FC0D /* Release */,
			);
			defaultConfigurationIsVisible = 0;
			defaultConfigurationName = Release;
		};
/* End XCConfigurationList section */
	};
	rootObject = 5F32D30C1D8460FA00C9FC0D /* Project object */;
}
